
Microsoft Visual Studio Solution File, Format Version 12.00
# Visual Studio Version 16
VisualStudioVersion = 16.0.29613.14
MinimumVisualStudioVersion = 10.0.40219.1
Project("{FAE04EC0-301F-11D3-BF4B-00C04F79EFBC}") = "CrazyFlashGUI", "CrazyFlashGUI\CrazyFlashGUI.csproj", "{F8C7719C-BF04-49D5-85C3-65C93E793696}"
EndProject
Project("{FAE04EC0-301F-11D3-BF4B-00C04F79EFBC}") = "CrazyFlashLibrary", "CrazyFlashLibrary\CrazyFlashLibrary.csproj", "{D9D8629B-BCD4-4664-AD58-21612BD77C2C}"
EndProject
Global
	GlobalSection(SolutionConfigurationPlatforms) = preSolution
		Debug|Any CPU = Debug|Any CPU
		Release|Any CPU = Release|Any CPU
	EndGlobalSection
	GlobalSection(ProjectConfigurationPlatforms) = postSolution
		{F8C7719C-BF04-49D5-85C3-65C93E793696}.Debug|Any CPU.ActiveCfg = Debug|Any CPU
		{F8C7719C-BF04-49D5-85C3-65C93E793696}.Debug|Any CPU.Build.0 = Debug|Any CPU
		{F8C7719C-BF04-49D5-85C3-65C93E793696}.Release|Any CPU.ActiveCfg = Release|Any CPU
		{F8C7719C-BF04-49D5-85C3-65C93E793696}.Release|Any CPU.Build.0 = Release|Any CPU
		{D9D8629B-BCD4-4664-AD58-21612BD77C2C}.Debug|Any CPU.ActiveCfg = Debug|Any CPU
		{D9D8629B-BCD4-4664-AD58-21612BD77C2C}.Debug|Any CPU.Build.0 = Debug|Any CPU
		{D9D8629B-BCD4-4664-AD58-21612BD77C2C}.Release|Any CPU.ActiveCfg = Release|Any CPU
		{D9D8629B-BCD4-4664-AD58-21612BD77C2C}.Release|Any CPU.Build.0 = Release|Any CPU
	EndGlobalSection
	GlobalSection(SolutionProperties) = preSolution
		HideSolutionNode = FALSE
	EndGlobalSection
	GlobalSection(ExtensibilityGlobals) = postSolution
		SolutionGuid = {5D3FB94D-49F8-4907-9507-A77607C9EDDA}
	EndGlobalSection
EndGlobal
